
Microsoft Visual Studio Solution File, Format Version 12.00
# Visual Studio 15
VisualStudioVersion = 15.0.27004.2009
MinimumVisualStudioVersion = 10.0.40219.1
Project("{2150E333-8FDC-42A3-9474-1A3956D46DE8}") = "IntFactory.Core", "IntFactory.Core", "{715A45B7-3D24-43A9-B672-BB8B97E9500F}"
EndProject
Project("{2150E333-8FDC-42A3-9474-1A3956D46DE8}") = "IntFactory.Tool", "IntFactory.Tool", "{A2341884-9797-4A8E-8ECD-268569559579}"
EndProject
Project("{2150E333-8FDC-42A3-9474-1A3956D46DE8}") = "IntFactory.WEB", "IntFactory.WEB", "{5186CEE7-7220-4B7A-A6FF-1AA6CA384EE7}"
EndProject
Project("{2150E333-8FDC-42A3-9474-1A3956D46DE8}") = "IntFactory.Data", "IntFactory.Data", "{3619440D-981A-46CB-AE3C-3F6A3F259E45}"
EndProject
Project("{FAE04EC0-301F-11D3-BF4B-00C04F79EFBC}") = "IntFactoryManage", "Manage\IntFactoryManage.csproj", "{BA148969-6AE6-48A8-B3CC-EE3E95141B80}"
EndProject
Project("{FAE04EC0-301F-11D3-BF4B-00C04F79EFBC}") = "IntFactoryDAL", "YXDAL\IntFactoryDAL.csproj", "{03242F3B-5C14-42D6-AAA1-26CE56A3499F}"
EndProject
Project("{FAE04EC0-301F-11D3-BF4B-00C04F79EFBC}") = "IntFactoryEntity", "YXEntity\IntFactoryEntity.csproj", "{6E99DE28-ADB3-4C22-8DE9-DEA1E44C04BB}"
EndProject
Project("{FAE04EC0-301F-11D3-BF4B-00C04F79EFBC}") = "CloudSalesTool", "YXTool\CloudSalesTool.csproj", "{C9ACA144-EA91-4FA5-A799-39D458AF1FCB}"
EndProject
Project("{FAE04EC0-301F-11D3-BF4B-00C04F79EFBC}") = "IntFactoryBusiness", "YXBusiness\IntFactoryBusiness.csproj", "{6322CB56-2693-4600-922D-0DEC06A8F59C}"
EndProject
Project("{FAE04EC0-301F-11D3-BF4B-00C04F79EFBC}") = "IntFactoryEnum", "YXEnum\IntFactoryEnum.csproj", "{B86924C1-EC31-449F-97F3-258DFA43A44F}"
EndProject
Project("{FAE04EC0-301F-11D3-BF4B-00C04F79EFBC}") = "IntFactoryWeb", "WEB\IntFactoryWeb.csproj", "{2540F126-E260-4533-B337-8A59E6960F35}"
EndProject
Project("{FAE04EC0-301F-11D3-BF4B-00C04F79EFBC}") = "AlibabaSdk", "YX.SDK\AlibabaSdk.csproj", "{C6CD2682-4DCA-4EE8-A5E5-A0E117073390}"
EndProject
Project("{FAE04EC0-301F-11D3-BF4B-00C04F79EFBC}") = "IntFactory.Service", "IntFactory.Service\IntFactory.Service.csproj", "{313E5872-F99A-4B77-9987-A01DFF27B758}"
EndProject
Project("{FAE04EC0-301F-11D3-BF4B-00C04F79EFBC}") = "IntFactoryService", "IntFactoryService\IntFactoryService.csproj", "{98E8B47C-0A25-4516-A016-393A12B40FB8}"
EndProject
Project("{FAE04EC0-301F-11D3-BF4B-00C04F79EFBC}") = "InFactoryApi", "InFactoryApi\InFactoryApi.csproj", "{84619B52-1DE4-4356-BA17-8D043CA54C43}"
EndProject
Project("{FAE04EC0-301F-11D3-BF4B-00C04F79EFBC}") = "WeiXin.Sdk", "WeiXin.Sdk\WeiXin.Sdk.csproj", "{A01E43B8-FABF-4601-8894-4374026AA08C}"
EndProject
Project("{FAE04EC0-301F-11D3-BF4B-00C04F79EFBC}") = "Qiniu.4.5", "Qiniu\Qiniu.4.5.csproj", "{AD4EA9D1-11C2-4BF6-8A06-72A966BC1B80}"
EndProject
Project("{FAE04EC0-301F-11D3-BF4B-00C04F79EFBC}") = "CloudSales.Sdk", "CloudSales.Sdk\CloudSales.Sdk.csproj", "{F0A05162-14E3-4816-8C49-706ABFC94439}"
EndProject
Project("{00D1A9C2-B5F0-4AF3-8072-F6C62B433612}") = "IntFactoryDB", "..\DBProjects\YXDB\IntFactoryDB.sqlproj", "{44D829EF-6464-4BC3-ADB7-E6B80BF2AF7B}"
EndProject
Global
	GlobalSection(SolutionConfigurationPlatforms) = preSolution
		Debug|Any CPU = Debug|Any CPU
		Debug|Mixed Platforms = Debug|Mixed Platforms
		Debug|x86 = Debug|x86
		Release|Any CPU = Release|Any CPU
		Release|Mixed Platforms = Release|Mixed Platforms
		Release|x86 = Release|x86
	EndGlobalSection
	GlobalSection(ProjectConfigurationPlatforms) = postSolution
		{BA148969-6AE6-48A8-B3CC-EE3E95141B80}.Debug|Any CPU.ActiveCfg = Debug|Any CPU
		{BA148969-6AE6-48A8-B3CC-EE3E95141B80}.Debug|Any CPU.Build.0 = Debug|Any CPU
		{BA148969-6AE6-48A8-B3CC-EE3E95141B80}.Debug|Mixed Platforms.ActiveCfg = Debug|Any CPU
		{BA148969-6AE6-48A8-B3CC-EE3E95141B80}.Debug|Mixed Platforms.Build.0 = Debug|Any CPU
		{BA148969-6AE6-48A8-B3CC-EE3E95141B80}.Debug|x86.ActiveCfg = Debug|Any CPU
		{BA148969-6AE6-48A8-B3CC-EE3E95141B80}.Release|Any CPU.ActiveCfg = Release|Any CPU
		{BA148969-6AE6-48A8-B3CC-EE3E95141B80}.Release|Any CPU.Build.0 = Release|Any CPU
		{BA148969-6AE6-48A8-B3CC-EE3E95141B80}.Release|Mixed Platforms.ActiveCfg = Release|Any CPU
		{BA148969-6AE6-48A8-B3CC-EE3E95141B80}.Release|Mixed Platforms.Build.0 = Release|Any CPU
		{BA148969-6AE6-48A8-B3CC-EE3E95141B80}.Release|x86.ActiveCfg = Release|Any CPU
		{03242F3B-5C14-42D6-AAA1-26CE56A3499F}.Debug|Any CPU.ActiveCfg = Debug|Any CPU
		{03242F3B-5C14-42D6-AAA1-26CE56A3499F}.Debug|Any CPU.Build.0 = Debug|Any CPU
		{03242F3B-5C14-42D6-AAA1-26CE56A3499F}.Debug|Mixed Platforms.ActiveCfg = Debug|Any CPU
		{03242F3B-5C14-42D6-AAA1-26CE56A3499F}.Debug|Mixed Platforms.Build.0 = Debug|Any CPU
		{03242F3B-5C14-42D6-AAA1-26CE56A3499F}.Debug|x86.ActiveCfg = Debug|Any CPU
		{03242F3B-5C14-42D6-AAA1-26CE56A3499F}.Release|Any CPU.ActiveCfg = Release|Any CPU
		{03242F3B-5C14-42D6-AAA1-26CE56A3499F}.Release|Any CPU.Build.0 = Release|Any CPU
		{03242F3B-5C14-42D6-AAA1-26CE56A3499F}.Release|Mixed Platforms.ActiveCfg = Release|Any CPU
		{03242F3B-5C14-42D6-AAA1-26CE56A3499F}.Release|Mixed Platforms.Build.0 = Release|Any CPU
		{03242F3B-5C14-42D6-AAA1-26CE56A3499F}.Release|x86.ActiveCfg = Release|Any CPU
		{6E99DE28-ADB3-4C22-8DE9-DEA1E44C04BB}.Debug|Any CPU.ActiveCfg = Debug|Any CPU
		{6E99DE28-ADB3-4C22-8DE9-DEA1E44C04BB}.Debug|Any CPU.Build.0 = Debug|Any CPU
		{6E99DE28-ADB3-4C22-8DE9-DEA1E44C04BB}.Debug|Mixed Platforms.ActiveCfg = Debug|Any CPU
		{6E99DE28-ADB3-4C22-8DE9-DEA1E44C04BB}.Debug|Mixed Platforms.Build.0 = Debug|Any CPU
		{6E99DE28-ADB3-4C22-8DE9-DEA1E44C04BB}.Debug|x86.ActiveCfg = Debug|Any CPU
		{6E99DE28-ADB3-4C22-8DE9-DEA1E44C04BB}.Release|Any CPU.ActiveCfg = Release|Any CPU
		{6E99DE28-ADB3-4C22-8DE9-DEA1E44C04BB}.Release|Any CPU.Build.0 = Release|Any CPU
		{6E99DE28-ADB3-4C22-8DE9-DEA1E44C04BB}.Release|Mixed Platforms.ActiveCfg = Release|Any CPU
		{6E99DE28-ADB3-4C22-8DE9-DEA1E44C04BB}.Release|Mixed Platforms.Build.0 = Release|Any CPU
		{6E99DE28-ADB3-4C22-8DE9-DEA1E44C04BB}.Release|x86.ActiveCfg = Release|Any CPU
		{C9ACA144-EA91-4FA5-A799-39D458AF1FCB}.Debug|Any CPU.ActiveCfg = Debug|Any CPU
		{C9ACA144-EA91-4FA5-A799-39D458AF1FCB}.Debug|Any CPU.Build.0 = Debug|Any CPU
		{C9ACA144-EA91-4FA5-A799-39D458AF1FCB}.Debug|Mixed Platforms.ActiveCfg = Debug|Any CPU
		{C9ACA144-EA91-4FA5-A799-39D458AF1FCB}.Debug|Mixed Platforms.Build.0 = Debug|Any CPU
		{C9ACA144-EA91-4FA5-A799-39D458AF1FCB}.Debug|x86.ActiveCfg = Debug|Any CPU
		{C9ACA144-EA91-4FA5-A799-39D458AF1FCB}.Release|Any CPU.ActiveCfg = Release|Any CPU
		{C9ACA144-EA91-4FA5-A799-39D458AF1FCB}.Release|Any CPU.Build.0 = Release|Any CPU
		{C9ACA144-EA91-4FA5-A799-39D458AF1FCB}.Release|Mixed Platforms.ActiveCfg = Release|Any CPU
		{C9ACA144-EA91-4FA5-A799-39D458AF1FCB}.Release|Mixed Platforms.Build.0 = Release|Any CPU
		{C9ACA144-EA91-4FA5-A799-39D458AF1FCB}.Release|x86.ActiveCfg = Release|Any CPU
		{6322CB56-2693-4600-922D-0DEC06A8F59C}.Debug|Any CPU.ActiveCfg = Debug|Any CPU
		{6322CB56-2693-4600-922D-0DEC06A8F59C}.Debug|Any CPU.Build.0 = Debug|Any CPU
		{6322CB56-2693-4600-922D-0DEC06A8F59C}.Debug|Mixed Platforms.ActiveCfg = Debug|Any CPU
		{6322CB56-2693-4600-922D-0DEC06A8F59C}.Debug|Mixed Platforms.Build.0 = Debug|Any CPU
		{6322CB56-2693-4600-922D-0DEC06A8F59C}.Debug|x86.ActiveCfg = Debug|Any CPU
		{6322CB56-2693-4600-922D-0DEC06A8F59C}.Release|Any CPU.ActiveCfg = Release|Any CPU
		{6322CB56-2693-4600-922D-0DEC06A8F59C}.Release|Any CPU.Build.0 = Release|Any CPU
		{6322CB56-2693-4600-922D-0DEC06A8F59C}.Release|Mixed Platforms.ActiveCfg = Release|Any CPU
		{6322CB56-2693-4600-922D-0DEC06A8F59C}.Release|Mixed Platforms.Build.0 = Release|Any CPU
		{6322CB56-2693-4600-922D-0DEC06A8F59C}.Release|x86.ActiveCfg = Release|Any CPU
		{B86924C1-EC31-449F-97F3-258DFA43A44F}.Debug|Any CPU.ActiveCfg = Debug|Any CPU
		{B86924C1-EC31-449F-97F3-258DFA43A44F}.Debug|Any CPU.Build.0 = Debug|Any CPU
		{B86924C1-EC31-449F-97F3-258DFA43A44F}.Debug|Mixed Platforms.ActiveCfg = Debug|Any CPU
		{B86924C1-EC31-449F-97F3-258DFA43A44F}.Debug|Mixed Platforms.Build.0 = Debug|Any CPU
		{B86924C1-EC31-449F-97F3-258DFA43A44F}.Debug|x86.ActiveCfg = Debug|Any CPU
		{B86924C1-EC31-449F-97F3-258DFA43A44F}.Release|Any CPU.ActiveCfg = Release|Any CPU
		{B86924C1-EC31-449F-97F3-258DFA43A44F}.Release|Any CPU.Build.0 = Release|Any CPU
		{B86924C1-EC31-449F-97F3-258DFA43A44F}.Release|Mixed Platforms.ActiveCfg = Release|Any CPU
		{B86924C1-EC31-449F-97F3-258DFA43A44F}.Release|Mixed Platforms.Build.0 = Release|Any CPU
		{B86924C1-EC31-449F-97F3-258DFA43A44F}.Release|x86.ActiveCfg = Release|Any CPU
		{2540F126-E260-4533-B337-8A59E6960F35}.Debug|Any CPU.ActiveCfg = Debug|Any CPU
		{2540F126-E260-4533-B337-8A59E6960F35}.Debug|Any CPU.Build.0 = Debug|Any CPU
		{2540F126-E260-4533-B337-8A59E6960F35}.Debug|Mixed Platforms.ActiveCfg = Debug|Any CPU
		{2540F126-E260-4533-B337-8A59E6960F35}.Debug|Mixed Platforms.Build.0 = Debug|Any CPU
		{2540F126-E260-4533-B337-8A59E6960F35}.Debug|x86.ActiveCfg = Debug|Any CPU
		{2540F126-E260-4533-B337-8A59E6960F35}.Release|Any CPU.ActiveCfg = Release|Any CPU
		{2540F126-E260-4533-B337-8A59E6960F35}.Release|Any CPU.Build.0 = Release|Any CPU
		{2540F126-E260-4533-B337-8A59E6960F35}.Release|Mixed Platforms.ActiveCfg = Release|Any CPU
		{2540F126-E260-4533-B337-8A59E6960F35}.Release|Mixed Platforms.Build.0 = Release|Any CPU
		{2540F126-E260-4533-B337-8A59E6960F35}.Release|x86.ActiveCfg = Release|Any CPU
		{C6CD2682-4DCA-4EE8-A5E5-A0E117073390}.Debug|Any CPU.ActiveCfg = Debug|Any CPU
		{C6CD2682-4DCA-4EE8-A5E5-A0E117073390}.Debug|Any CPU.Build.0 = Debug|Any CPU
		{C6CD2682-4DCA-4EE8-A5E5-A0E117073390}.Debug|Mixed Platforms.ActiveCfg = Debug|Any CPU
		{C6CD2682-4DCA-4EE8-A5E5-A0E117073390}.Debug|Mixed Platforms.Build.0 = Debug|Any CPU
		{C6CD2682-4DCA-4EE8-A5E5-A0E117073390}.Debug|x86.ActiveCfg = Debug|Any CPU
		{C6CD2682-4DCA-4EE8-A5E5-A0E117073390}.Release|Any CPU.ActiveCfg = Release|Any CPU
		{C6CD2682-4DCA-4EE8-A5E5-A0E117073390}.Release|Any CPU.Build.0 = Release|Any CPU
		{C6CD2682-4DCA-4EE8-A5E5-A0E117073390}.Release|Mixed Platforms.ActiveCfg = Release|Any CPU
		{C6CD2682-4DCA-4EE8-A5E5-A0E117073390}.Release|Mixed Platforms.Build.0 = Release|Any CPU
		{C6CD2682-4DCA-4EE8-A5E5-A0E117073390}.Release|x86.ActiveCfg = Release|Any CPU
		{313E5872-F99A-4B77-9987-A01DFF27B758}.Debug|Any CPU.ActiveCfg = Debug|Any CPU
		{313E5872-F99A-4B77-9987-A01DFF27B758}.Debug|Any CPU.Build.0 = Debug|Any CPU
		{313E5872-F99A-4B77-9987-A01DFF27B758}.Debug|Mixed Platforms.ActiveCfg = Debug|Any CPU
		{313E5872-F99A-4B77-9987-A01DFF27B758}.Debug|Mixed Platforms.Build.0 = Debug|Any CPU
		{313E5872-F99A-4B77-9987-A01DFF27B758}.Debug|x86.ActiveCfg = Debug|Any CPU
		{313E5872-F99A-4B77-9987-A01DFF27B758}.Release|Any CPU.ActiveCfg = Release|Any CPU
		{313E5872-F99A-4B77-9987-A01DFF27B758}.Release|Any CPU.Build.0 = Release|Any CPU
		{313E5872-F99A-4B77-9987-A01DFF27B758}.Release|Mixed Platforms.ActiveCfg = Release|Any CPU
		{313E5872-F99A-4B77-9987-A01DFF27B758}.Release|Mixed Platforms.Build.0 = Release|Any CPU
		{313E5872-F99A-4B77-9987-A01DFF27B758}.Release|x86.ActiveCfg = Release|Any CPU
		{98E8B47C-0A25-4516-A016-393A12B40FB8}.Debug|Any CPU.ActiveCfg = Debug|Any CPU
		{98E8B47C-0A25-4516-A016-393A12B40FB8}.Debug|Any CPU.Build.0 = Debug|Any CPU
		{98E8B47C-0A25-4516-A016-393A12B40FB8}.Debug|Mixed Platforms.ActiveCfg = Debug|Any CPU
		{98E8B47C-0A25-4516-A016-393A12B40FB8}.Debug|Mixed Platforms.Build.0 = Debug|Any CPU
		{98E8B47C-0A25-4516-A016-393A12B40FB8}.Debug|x86.ActiveCfg = Debug|Any CPU
		{98E8B47C-0A25-4516-A016-393A12B40FB8}.Release|Any CPU.ActiveCfg = Release|Any CPU
		{98E8B47C-0A25-4516-A016-393A12B40FB8}.Release|Any CPU.Build.0 = Release|Any CPU
		{98E8B47C-0A25-4516-A016-393A12B40FB8}.Release|Mixed Platforms.ActiveCfg = Release|Any CPU
		{98E8B47C-0A25-4516-A016-393A12B40FB8}.Release|Mixed Platforms.Build.0 = Release|Any CPU
		{98E8B47C-0A25-4516-A016-393A12B40FB8}.Release|x86.ActiveCfg = Release|Any CPU
		{84619B52-1DE4-4356-BA17-8D043CA54C43}.Debug|Any CPU.ActiveCfg = Debug|Any CPU
		{84619B52-1DE4-4356-BA17-8D043CA54C43}.Debug|Any CPU.Build.0 = Debug|Any CPU
		{84619B52-1DE4-4356-BA17-8D043CA54C43}.Debug|Mixed Platforms.ActiveCfg = Debug|Any CPU
		{84619B52-1DE4-4356-BA17-8D043CA54C43}.Debug|Mixed Platforms.Build.0 = Debug|Any CPU
		{84619B52-1DE4-4356-BA17-8D043CA54C43}.Debug|x86.ActiveCfg = Debug|Any CPU
		{84619B52-1DE4-4356-BA17-8D043CA54C43}.Release|Any CPU.ActiveCfg = Release|Any CPU
		{84619B52-1DE4-4356-BA17-8D043CA54C43}.Release|Any CPU.Build.0 = Release|Any CPU
		{84619B52-1DE4-4356-BA17-8D043CA54C43}.Release|Mixed Platforms.ActiveCfg = Release|Any CPU
		{84619B52-1DE4-4356-BA17-8D043CA54C43}.Release|Mixed Platforms.Build.0 = Release|Any CPU
		{84619B52-1DE4-4356-BA17-8D043CA54C43}.Release|x86.ActiveCfg = Release|Any CPU
		{A01E43B8-FABF-4601-8894-4374026AA08C}.Debug|Any CPU.ActiveCfg = Debug|Any CPU
		{A01E43B8-FABF-4601-8894-4374026AA08C}.Debug|Any CPU.Build.0 = Debug|Any CPU
		{A01E43B8-FABF-4601-8894-4374026AA08C}.Debug|Mixed Platforms.ActiveCfg = Debug|Any CPU
		{A01E43B8-FABF-4601-8894-4374026AA08C}.Debug|Mixed Platforms.Build.0 = Debug|Any CPU
		{A01E43B8-FABF-4601-8894-4374026AA08C}.Debug|x86.ActiveCfg = Debug|Any CPU
		{A01E43B8-FABF-4601-8894-4374026AA08C}.Release|Any CPU.ActiveCfg = Release|Any CPU
		{A01E43B8-FABF-4601-8894-4374026AA08C}.Release|Any CPU.Build.0 = Release|Any CPU
		{A01E43B8-FABF-4601-8894-4374026AA08C}.Release|Mixed Platforms.ActiveCfg = Release|Any CPU
		{A01E43B8-FABF-4601-8894-4374026AA08C}.Release|Mixed Platforms.Build.0 = Release|Any CPU
		{A01E43B8-FABF-4601-8894-4374026AA08C}.Release|x86.ActiveCfg = Release|Any CPU
		{AD4EA9D1-11C2-4BF6-8A06-72A966BC1B80}.Debug|Any CPU.ActiveCfg = Debug|x86
		{AD4EA9D1-11C2-4BF6-8A06-72A966BC1B80}.Debug|Mixed Platforms.ActiveCfg = Debug|x86
		{AD4EA9D1-11C2-4BF6-8A06-72A966BC1B80}.Debug|Mixed Platforms.Build.0 = Debug|x86
		{AD4EA9D1-11C2-4BF6-8A06-72A966BC1B80}.Debug|x86.ActiveCfg = Debug|x86
		{AD4EA9D1-11C2-4BF6-8A06-72A966BC1B80}.Debug|x86.Build.0 = Debug|x86
		{AD4EA9D1-11C2-4BF6-8A06-72A966BC1B80}.Release|Any CPU.ActiveCfg = Release|x86
		{AD4EA9D1-11C2-4BF6-8A06-72A966BC1B80}.Release|Mixed Platforms.ActiveCfg = Release|x86
		{AD4EA9D1-11C2-4BF6-8A06-72A966BC1B80}.Release|Mixed Platforms.Build.0 = Release|x86
		{AD4EA9D1-11C2-4BF6-8A06-72A966BC1B80}.Release|x86.ActiveCfg = Release|x86
		{AD4EA9D1-11C2-4BF6-8A06-72A966BC1B80}.Release|x86.Build.0 = Release|x86
		{F0A05162-14E3-4816-8C49-706ABFC94439}.Debug|Any CPU.ActiveCfg = Debug|Any CPU
		{F0A05162-14E3-4816-8C49-706ABFC94439}.Debug|Any CPU.Build.0 = Debug|Any CPU
		{F0A05162-14E3-4816-8C49-706ABFC94439}.Debug|Mixed Platforms.ActiveCfg = Debug|Any CPU
		{F0A05162-14E3-4816-8C49-706ABFC94439}.Debug|Mixed Platforms.Build.0 = Debug|Any CPU
		{F0A05162-14E3-4816-8C49-706ABFC94439}.Debug|x86.ActiveCfg = Debug|Any CPU
		{F0A05162-14E3-4816-8C49-706ABFC94439}.Release|Any CPU.ActiveCfg = Release|Any CPU
		{F0A05162-14E3-4816-8C49-706ABFC94439}.Release|Any CPU.Build.0 = Release|Any CPU
		{F0A05162-14E3-4816-8C49-706ABFC94439}.Release|Mixed Platforms.ActiveCfg = Release|Any CPU
		{F0A05162-14E3-4816-8C49-706ABFC94439}.Release|Mixed Platforms.Build.0 = Release|Any CPU
		{F0A05162-14E3-4816-8C49-706ABFC94439}.Release|x86.ActiveCfg = Release|Any CPU
		{44D829EF-6464-4BC3-ADB7-E6B80BF2AF7B}.Debug|Any CPU.ActiveCfg = Debug|Any CPU
		{44D829EF-6464-4BC3-ADB7-E6B80BF2AF7B}.Debug|Any CPU.Build.0 = Debug|Any CPU
		{44D829EF-6464-4BC3-ADB7-E6B80BF2AF7B}.Debug|Any CPU.Deploy.0 = Debug|Any CPU
		{44D829EF-6464-4BC3-ADB7-E6B80BF2AF7B}.Debug|Mixed Platforms.ActiveCfg = Debug|Any CPU
		{44D829EF-6464-4BC3-ADB7-E6B80BF2AF7B}.Debug|Mixed Platforms.Build.0 = Debug|Any CPU
		{44D829EF-6464-4BC3-ADB7-E6B80BF2AF7B}.Debug|Mixed Platforms.Deploy.0 = Debug|Any CPU
		{44D829EF-6464-4BC3-ADB7-E6B80BF2AF7B}.Debug|x86.ActiveCfg = Debug|Any CPU
		{44D829EF-6464-4BC3-ADB7-E6B80BF2AF7B}.Release|Any CPU.ActiveCfg = Release|Any CPU
		{44D829EF-6464-4BC3-ADB7-E6B80BF2AF7B}.Release|Any CPU.Build.0 = Release|Any CPU
		{44D829EF-6464-4BC3-ADB7-E6B80BF2AF7B}.Release|Any CPU.Deploy.0 = Release|Any CPU
		{44D829EF-6464-4BC3-ADB7-E6B80BF2AF7B}.Release|Mixed Platforms.ActiveCfg = Release|Any CPU
		{44D829EF-6464-4BC3-ADB7-E6B80BF2AF7B}.Release|Mixed Platforms.Build.0 = Release|Any CPU
		{44D829EF-6464-4BC3-ADB7-E6B80BF2AF7B}.Release|Mixed Platforms.Deploy.0 = Release|Any CPU
		{44D829EF-6464-4BC3-ADB7-E6B80BF2AF7B}.Release|x86.ActiveCfg = Release|Any CPU
	EndGlobalSection
	GlobalSection(SolutionProperties) = preSolution
		HideSolutionNode = FALSE
	EndGlobalSection
	GlobalSection(NestedProjects) = preSolution
		{BA148969-6AE6-48A8-B3CC-EE3E95141B80} = {5186CEE7-7220-4B7A-A6FF-1AA6CA384EE7}
		{03242F3B-5C14-42D6-AAA1-26CE56A3499F} = {715A45B7-3D24-43A9-B672-BB8B97E9500F}
		{6E99DE28-ADB3-4C22-8DE9-DEA1E44C04BB} = {715A45B7-3D24-43A9-B672-BB8B97E9500F}
		{C9ACA144-EA91-4FA5-A799-39D458AF1FCB} = {A2341884-9797-4A8E-8ECD-268569559579}
		{6322CB56-2693-4600-922D-0DEC06A8F59C} = {715A45B7-3D24-43A9-B672-BB8B97E9500F}
		{B86924C1-EC31-449F-97F3-258DFA43A44F} = {715A45B7-3D24-43A9-B672-BB8B97E9500F}
		{2540F126-E260-4533-B337-8A59E6960F35} = {5186CEE7-7220-4B7A-A6FF-1AA6CA384EE7}
		{C6CD2682-4DCA-4EE8-A5E5-A0E117073390} = {A2341884-9797-4A8E-8ECD-268569559579}
		{313E5872-F99A-4B77-9987-A01DFF27B758} = {A2341884-9797-4A8E-8ECD-268569559579}
		{98E8B47C-0A25-4516-A016-393A12B40FB8} = {715A45B7-3D24-43A9-B672-BB8B97E9500F}
		{84619B52-1DE4-4356-BA17-8D043CA54C43} = {5186CEE7-7220-4B7A-A6FF-1AA6CA384EE7}
		{A01E43B8-FABF-4601-8894-4374026AA08C} = {A2341884-9797-4A8E-8ECD-268569559579}
		{AD4EA9D1-11C2-4BF6-8A06-72A966BC1B80} = {A2341884-9797-4A8E-8ECD-268569559579}
		{F0A05162-14E3-4816-8C49-706ABFC94439} = {A2341884-9797-4A8E-8ECD-268569559579}
		{44D829EF-6464-4BC3-ADB7-E6B80BF2AF7B} = {3619440D-981A-46CB-AE3C-3F6A3F259E45}
	EndGlobalSection
	GlobalSection(ExtensibilityGlobals) = postSolution
		SolutionGuid = {C4C90392-63ED-4136-8DC9-1BB9C61B9277}
	EndGlobalSection
EndGlobal
